{
  "name": "Skiper-nextjs",
  "lockfileVersion": 3,
  "requires": true,
  "packages": {
    "": {
      "dependencies": {
        "skippr": "^0.0.1-security"
      }
    },
    "node_modules/skippr": {
      "version": "0.0.1-security",
      "resolved": "https://registry.npmjs.org/skippr/-/skippr-0.0.1-security.tgz",
      "integrity": "sha512-vayVJQLhZOfoxsIUkwmjuOyB8B4FitGvif9fW2j1pWDTDj4T4xDsr/dHnPtDKkzNeoLmfoT7Ef8cVZG7g6gJTw=="
    }
  }
}
